// !$*UTF8*$!
{
	archiveVersion = 1;
	classes = {
	};
	objectVersion = 50;
	objects = {

/* Begin PBXBuildFile section */
		CFE82E5224D058CA005C7874 /* Injecter.swift in Sources */ = {isa = PBXBuildFile; fileRef = CFE82E5124D058CA005C7874 /* Injecter.swift */; };
		CFE8D64324CB3187004A5254 /* WKJSON.framework in Frameworks */ = {isa = PBXBuildFile; fileRef = CFE8D63924CB3187004A5254 /* WKJSON.framework */; };
		CFE8D64824CB3187004A5254 /* WKJSONTests.swift in Sources */ = {isa = PBXBuildFile; fileRef = CFE8D64724CB3187004A5254 /* WKJSONTests.swift */; };
		CFE8D64A24CB3187004A5254 /* WKJSON.h in Headers */ = {isa = PBXBuildFile; fileRef = CFE8D63C24CB3187004A5254 /* WKJSON.h */; settings = {ATTRIBUTES = (Public, ); }; };
/* End PBXBuildFile section */

/* Begin PBXContainerItemProxy section */
		CFE8D64424CB3187004A5254 /* PBXContainerItemProxy */ = {
			isa = PBXContainerItemProxy;
			containerPortal = CFE8D63024CB3187004A5254 /* Project object */;
			proxyType = 1;
			remoteGlobalIDString = CFE8D63824CB3187004A5254;
			remoteInfo = WKJSON;
		};
/* End PBXContainerItemProxy section */

/* Begin PBXFileReference section */
		CFE82E5124D058CA005C7874 /* Injecter.swift */ = {isa = PBXFileReference; fileEncoding = 4; lastKnownFileType = sourcecode.swift; path = Injecter.swift; sourceTree = "<group>"; };
		CFE8D63924CB3187004A5254 /* WKJSON.framework */ = {isa = PBXFileReference; explicitFileType = wrapper.framework; includeInIndex = 0; path = WKJSON.framework; sourceTree = BUILT_PRODUCTS_DIR; };
		CFE8D63C24CB3187004A5254 /* WKJSON.h */ = {isa = PBXFileReference; lastKnownFileType = sourcecode.c.h; path = WKJSON.h; sourceTree = "<group>"; };
		CFE8D63D24CB3187004A5254 /* Info.plist */ = {isa = PBXFileReference; lastKnownFileType = text.plist.xml; path = Info.plist; sourceTree = "<group>"; };
		CFE8D64224CB3187004A5254 /* WKJSONTests.xctest */ = {isa = PBXFileReference; explicitFileType = wrapper.cfbundle; includeInIndex = 0; path = WKJSONTests.xctest; sourceTree = BUILT_PRODUCTS_DIR; };
		CFE8D64724CB3187004A5254 /* WKJSONTests.swift */ = {isa = PBXFileReference; lastKnownFileType = sourcecode.swift; path = WKJSONTests.swift; sourceTree = "<group>"; };
		CFE8D64924CB3187004A5254 /* Info.plist */ = {isa = PBXFileReference; lastKnownFileType = text.plist.xml; path = Info.plist; sourceTree = "<group>"; };
/* End PBXFileReference section */

/* Begin PBXFrameworksBuildPhase section */
		CFE8D63624CB3187004A5254 /* Frameworks */ = {
			isa = PBXFrameworksBuildPhase;
			buildActionMask = 2147483647;
			files = (
			);
			runOnlyForDeploymentPostprocessing = 0;
		};
		CFE8D63F24CB3187004A5254 /* Frameworks */ = {
			isa = PBXFrameworksBuildPhase;
			buildActionMask = 2147483647;
			files = (
				CFE8D64324CB3187004A5254 /* WKJSON.framework in Frameworks */,
			);
			runOnlyForDeploymentPostprocessing = 0;
		};
/* End PBXFrameworksBuildPhase section */

/* Begin PBXGroup section */
		CFE8D62F24CB3187004A5254 = {
			isa = PBXGroup;
			children = (
				CFE8D63B24CB3187004A5254 /* WKJSON */,
				CFE8D64624CB3187004A5254 /* WKJSONTests */,
				CFE8D63A24CB3187004A5254 /* Products */,
			);
			sourceTree = "<group>";
		};
		CFE8D63A24CB3187004A5254 /* Products */ = {
			isa = PBXGroup;
			children = (
				CFE8D63924CB3187004A5254 /* WKJSON.framework */,
				CFE8D64224CB3187004A5254 /* WKJSONTests.xctest */,
			);
			name = Products;
			sourceTree = "<group>";
		};
		CFE8D63B24CB3187004A5254 /* WKJSON */ = {
			isa = PBXGroup;
			children = (
				CFE8D63C24CB3187004A5254 /* WKJSON.h */,
				CFE82E5124D058CA005C7874 /* Injecter.swift */,
				CFE8D63D24CB3187004A5254 /* Info.plist */,
			);
			path = WKJSON;
			sourceTree = "<group>";
		};
		CFE8D64624CB3187004A5254 /* WKJSONTests */ = {
			isa = PBXGroup;
			children = (
				CFE8D64724CB3187004A5254 /* WKJSONTests.swift */,
				CFE8D64924CB3187004A5254 /* Info.plist */,
			);
			path = WKJSONTests;
			sourceTree = "<group>";
		};
/* End PBXGroup section */

/* Begin PBXHeadersBuildPhase section */
		CFE8D63424CB3187004A5254 /* Headers */ = {
			isa = PBXHeadersBuildPhase;
			buildActionMask = 2147483647;
			files = (
				CFE8D64A24CB3187004A5254 /* WKJSON.h in Headers */,
			);
			runOnlyForDeploymentPostprocessing = 0;
		};
/* End PBXHeadersBuildPhase section */

/* Begin PBXNativeTarget section */
		CFE8D63824CB3187004A5254 /* WKJSON */ = {
			isa = PBXNativeTarget;
			buildConfigurationList = CFE8D64D24CB3187004A5254 /* Build configuration list for PBXNativeTarget "WKJSON" */;
			buildPhases = (
				CFE8D63424CB3187004A5254 /* Headers */,
				CFE8D63524CB3187004A5254 /* Sources */,
				CFE8D63624CB3187004A5254 /* Frameworks */,
				CFE8D63724CB3187004A5254 /* Resources */,
			);
			buildRules = (
			);
			dependencies = (
			);
			name = WKJSON;
			productName = WKJSON;
			productReference = CFE8D63924CB3187004A5254 /* WKJSON.framework */;
			productType = "com.apple.product-type.framework";
		};
		CFE8D64124CB3187004A5254 /* WKJSONTests */ = {
			isa = PBXNativeTarget;
			buildConfigurationList = CFE8D65024CB3187004A5254 /* Build configuration list for PBXNativeTarget "WKJSONTests" */;
			buildPhases = (
				CFE8D63E24CB3187004A5254 /* Sources */,
				CFE8D63F24CB3187004A5254 /* Frameworks */,
				CFE8D64024CB3187004A5254 /* Resources */,
			);
			buildRules = (
			);
			dependencies = (
				CFE8D64524CB3187004A5254 /* PBXTargetDependency */,
			);
			name = WKJSONTests;
			productName = WKJSONTests;
			productReference = CFE8D64224CB3187004A5254 /* WKJSONTests.xctest */;
			productType = "com.apple.product-type.bundle.unit-test";
		};
/* End PBXNativeTarget section */

/* Begin PBXProject section */
		CFE8D63024CB3187004A5254 /* Project object */ = {
			isa = PBXProject;
			attributes = {
				LastSwiftUpdateCheck = 1200;
				LastUpgradeCheck = 1200;
				TargetAttributes = {
					CFE8D63824CB3187004A5254 = {
						CreatedOnToolsVersion = 12.0;
						LastSwiftMigration = 1200;
					};
					CFE8D64124CB3187004A5254 = {
						CreatedOnToolsVersion = 12.0;
					};
				};
			};
			buildConfigurationList = CFE8D63324CB3187004A5254 /* Build configuration list for PBXProject "WKJSON" */;
			compatibilityVersion = "Xcode 9.3";
			developmentRegion = en;
			hasScannedForEncodings = 0;
			knownRegions = (
				en,
				Base,
			);
			mainGroup = CFE8D62F24CB3187004A5254;
			productRefGroup = CFE8D63A24CB3187004A5254 /* Products */;
			projectDirPath = "";
			projectRoot = "";
			targets = (
				CFE8D63824CB3187004A5254 /* WKJSON */,
				CFE8D64124CB3187004A5254 /* WKJSONTests */,
			);
		};
/* End PBXProject section */

/* Begin PBXResourcesBuildPhase section */
		CFE8D63724CB3187004A5254 /* Resources */ = {
			isa = PBXResourcesBuildPhase;
			buildActionMask = 2147483647;
			files = (
			);
			runOnlyForDeploymentPostprocessing = 0;
		};
		CFE8D64024CB3187004A5254 /* Resources */ = {
			isa = PBXResourcesBuildPhase;
			buildActionMask = 2147483647;
			files = (
			);
			runOnlyForDeploymentPostprocessing = 0;
		};
/* End PBXResourcesBuildPhase section */

/* Begin PBXSourcesBuildPhase section */
		CFE8D63524CB3187004A5254 /* Sources */ = {
			isa = PBXSourcesBuildPhase;
			buildActionMask = 2147483647;
			files = (
				CFE82E5224D058CA005C7874 /* Injecter.swift in Sources */,
			);
			runOnlyForDeploymentPostprocessing = 0;
		};
		CFE8D63E24CB3187004A5254 /* Sources */ = {
			isa = PBXSourcesBuildPhase;
			buildActionMask = 2147483647;
			files = (
				CFE8D64824CB3187004A5254 /* WKJSONTests.swift in Sources */,
			);
			runOnlyForDeploymentPostprocessing = 0;
		};
/* End PBXSourcesBuildPhase section */

/* Begin PBXTargetDependency section */
		CFE8D64524CB3187004A5254 /* PBXTargetDependency */ = {
			isa = PBXTargetDependency;
			target = CFE8D63824CB3187004A5254 /* WKJSON */;
			targetProxy = CFE8D64424CB3187004A5254 /* PBXContainerItemProxy */;
		};
/* End PBXTargetDependency section */

/* Begin XCBuildConfiguration section */
		CFE8D64B24CB3187004A5254 /* Debug */ = {
			isa = XCBuildConfiguration;
			buildSettings = {
				ALWAYS_SEARCH_USER_PATHS = NO;
				CLANG_ANALYZER_NONNULL = YES;
				CLANG_ANALYZER_NUMBER_OBJECT_CONVERSION = YES_AGGRESSIVE;
				CLANG_CXX_LANGUAGE_STANDARD = "gnu++14";
				CLANG_CXX_LIBRARY = "libc++";
				CLANG_ENABLE_MODULES = YES;
				CLANG_ENABLE_OBJC_ARC = YES;
				CLANG_ENABLE_OBJC_WEAK = YES;
				CLANG_WARN_BLOCK_CAPTURE_AUTORELEASING = YES;
				CLANG_WARN_BOOL_CONVERSION = YES;
				CLANG_WARN_COMMA = YES;
				CLANG_WARN_CONSTANT_CONVERSION = YES;
				CLANG_WARN_DEPRECATED_OBJC_IMPLEMENTATIONS = YES;
				CLANG_WARN_DIRECT_OBJC_ISA_USAGE = YES_ERROR;
				CLANG_WARN_DOCUMENTATION_COMMENTS = YES;
				CLANG_WARN_EMPTY_BODY = YES;
				CLANG_WARN_ENUM_CONVERSION = YES;
				CLANG_WARN_INFINITE_RECURSION = YES;
				CLANG_WARN_INT_CONVERSION = YES;
				CLANG_WARN_NON_LITERAL_NULL_CONVERSION = YES;
				CLANG_WARN_OBJC_IMPLICIT_RETAIN_SELF = YES;
				CLANG_WARN_OBJC_LITERAL_CONVERSION = YES;
				CLANG_WARN_OBJC_ROOT_CLASS = YES_ERROR;
				CLANG_WARN_QUOTED_INCLUDE_IN_FRAMEWORK_HEADER = YES;
				CLANG_WARN_RANGE_LOOP_ANALYSIS = YES;
				CLANG_WARN_STRICT_PROTOTYPES = YES;
				CLANG_WARN_SUSPICIOUS_MOVE = YES;
				CLANG_WARN_UNGUARDED_AVAILABILITY = YES_AGGRESSIVE;
				CLANG_WARN_UNREACHABLE_CODE = YES;
				CLANG_WARN__DUPLICATE_METHOD_MATCH = YES;
				COPY_PHASE_STRIP = NO;
				CURRENT_PROJECT_VERSION = 1;
				DEBUG_INFORMATION_FORMAT = dwarf;
				ENABLE_STRICT_OBJC_MSGSEND = YES;
				ENABLE_TESTABILITY = YES;
				GCC_C_LANGUAGE_STANDARD = gnu11;
				GCC_DYNAMIC_NO_PIC = NO;
				GCC_NO_COMMON_BLOCKS = YES;
				GCC_OPTIMIZATION_LEVEL = 0;
				GCC_PREPROCESSOR_DEFINITIONS = (
					"DEBUG=1",
					"$(inherited)",
				);
				GCC_WARN_64_TO_32_BIT_CONVERSION = YES;
				GCC_WARN_ABOUT_RETURN_TYPE = YES_ERROR;
				GCC_WARN_UNDECLARED_SELECTOR = YES;
				GCC_WARN_UNINITIALIZED_AUTOS = YES_AGGRESSIVE;
				GCC_WARN_UNUSED_FUNCTION = YES;
				GCC_WARN_UNUSED_VARIABLE = YES;
				MACOSX_DEPLOYMENT_TARGET = 11.0;
				MTL_ENABLE_DEBUG_INFO = INCLUDE_SOURCE;
				MTL_FAST_MATH = YES;
				ONLY_ACTIVE_ARCH = YES;
				SDKROOT = macosx;
				SWIFT_ACTIVE_COMPILATION_CONDITIONS = DEBUG;
				SWIFT_OPTIMIZATION_LEVEL = "-Onone";
				VERSIONING_SYSTEM = "apple-generic";
				VERSION_INFO_PREFIX = "";
			};
			name = Debug;
		};
		CFE8D64C24CB3187004A5254 /* Release */ = {
			isa = XCBuildConfiguration;
			buildSettings = {
				ALWAYS_SEARCH_USER_PATHS = NO;
				CLANG_ANALYZER_NONNULL = YES;
				CLANG_ANALYZER_NUMBER_OBJECT_CONVERSION = YES_AGGRESSIVE;
				CLANG_CXX_LANGUAGE_STANDARD = "gnu++14";
				CLANG_CXX_LIBRARY = "libc++";
				CLANG_ENABLE_MODULES = YES;
				CLANG_ENABLE_OBJC_ARC = YES;
				CLANG_ENABLE_OBJC_WEAK = YES;
				CLANG_WARN_BLOCK_CAPTURE_AUTORELEASING = YES;
				CLANG_WARN_BOOL_CONVERSION = YES;
				CLANG_WARN_COMMA = YES;
				CLANG_WARN_CONSTANT_CONVERSION = YES;
				CLANG_WARN_DEPRECATED_OBJC_IMPLEMENTATIONS = YES;
				CLANG_WARN_DIRECT_OBJC_ISA_USAGE = YES_ERROR;
				CLANG_WARN_DOCUMENTATION_COMMENTS = YES;
				CLANG_WARN_EMPTY_BODY = YES;
				CLANG_WARN_ENUM_CONVERSION = YES;
				CLANG_WARN_INFINITE_RECURSION = YES;
				CLANG_WARN_INT_CONVERSION = YES;
				CLANG_WARN_NON_LITERAL_NULL_CONVERSION = YES;
				CLANG_WARN_OBJC_IMPLICIT_RETAIN_SELF = YES;
				CLANG_WARN_OBJC_LITERAL_CONVERSION = YES;
				CLANG_WARN_OBJC_ROOT_CLASS = YES_ERROR;
				CLANG_WARN_QUOTED_INCLUDE_IN_FRAMEWORK_HEADER = YES;
				CLANG_WARN_RANGE_LOOP_ANALYSIS = YES;
				CLANG_WARN_STRICT_PROTOTYPES = YES;
				CLANG_WARN_SUSPICIOUS_MOVE = YES;
				CLANG_WARN_UNGUARDED_AVAILABILITY = YES_AGGRESSIVE;
				CLANG_WARN_UNREACHABLE_CODE = YES;
				CLANG_WARN__DUPLICATE_METHOD_MATCH = YES;
				COPY_PHASE_STRIP = NO;
				CURRENT_PROJECT_VERSION = 1;
				DEBUG_INFORMATION_FORMAT = "dwarf-with-dsym";
				ENABLE_NS_ASSERTIONS = NO;
				ENABLE_STRICT_OBJC_MSGSEND = YES;
				GCC_C_LANGUAGE_STANDARD = gnu11;
				GCC_NO_COMMON_BLOCKS = YES;
				GCC_WARN_64_TO_32_BIT_CONVERSION = YES;
				GCC_WARN_ABOUT_RETURN_TYPE = YES_ERROR;
				GCC_WARN_UNDECLARED_SELECTOR = YES;
				GCC_WARN_UNINITIALIZED_AUTOS = YES_AGGRESSIVE;
				GCC_WARN_UNUSED_FUNCTION = YES;
				GCC_WARN_UNUSED_VARIABLE = YES;
				MACOSX_DEPLOYMENT_TARGET = 11.0;
				MTL_ENABLE_DEBUG_INFO = NO;
				MTL_FAST_MATH = YES;
				SDKROOT = macosx;
				SWIFT_COMPILATION_MODE = wholemodule;
				SWIFT_OPTIMIZATION_LEVEL = "-O";
				VERSIONING_SYSTEM = "apple-generic";
				VERSION_INFO_PREFIX = "";
			};
			name = Release;
		};
		CFE8D64E24CB3187004A5254 /* Debug */ = {
			isa = XCBuildConfiguration;
			buildSettings = {
				CLANG_ENABLE_MODULES = YES;
				CODE_SIGN_STYLE = Automatic;
				COMBINE_HIDPI_IMAGES = YES;
				DEFINES_MODULE = YES;
				DEVELOPMENT_TEAM = CKUP7H8DC7;
				DYLIB_COMPATIBILITY_VERSION = 1;
				DYLIB_CURRENT_VERSION = 1;
				DYLIB_INSTALL_NAME_BASE = "@rpath";
				INFOPLIST_FILE = WKJSON/Info.plist;
				INSTALL_PATH = "$(LOCAL_LIBRARY_DIR)/Frameworks";
				LD_RUNPATH_SEARCH_PATHS = (
					"$(inherited)",
					"@executable_path/../Frameworks",
					"@loader_path/Frameworks",
				);
				PRODUCT_BUNDLE_IDENTIFIER = com.Ashwin.WKJSON;
				PRODUCT_NAME = "$(TARGET_NAME:c99extidentifier)";
				SKIP_INSTALL = YES;
				SWIFT_OPTIMIZATION_LEVEL = "-Onone";
				SWIFT_VERSION = 5.0;
			};
			name = Debug;
		};
		CFE8D64F24CB3187004A5254 /* Release */ = {
			isa = XCBuildConfiguration;
			buildSettings = {
				CLANG_ENABLE_MODULES = YES;
				CODE_SIGN_STYLE = Automatic;
				COMBINE_HIDPI_IMAGES = YES;
				DEFINES_MODULE = YES;
				DEVELOPMENT_TEAM = CKUP7H8DC7;
				DYLIB_COMPATIBILITY_VERSION = 1;
				DYLIB_CURRENT_VERSION = 1;
				DYLIB_INSTALL_NAME_BASE = "@rpath";
				INFOPLIST_FILE = WKJSON/Info.plist;
				INSTALL_PATH = "$(LOCAL_LIBRARY_DIR)/Frameworks";
				LD_RUNPATH_SEARCH_PATHS = (
					"$(inherited)",
					"@executable_path/../Frameworks",
					"@loader_path/Frameworks",
				);
				PRODUCT_BUNDLE_IDENTIFIER = com.Ashwin.WKJSON;
				PRODUCT_NAME = "$(TARGET_NAME:c99extidentifier)";
				SKIP_INSTALL = YES;
				SWIFT_VERSION = 5.0;
			};
			name = Release;
		};
		CFE8D65124CB3187004A5254 /* Debug */ = {
			isa = XCBuildConfiguration;
			buildSettings = {
				ALWAYS_EMBED_SWIFT_STANDARD_LIBRARIES = YES;
				CODE_SIGN_STYLE = Automatic;
				COMBINE_HIDPI_IMAGES = YES;
				DEVELOPMENT_TEAM = CKUP7H8DC7;
				INFOPLIST_FILE = WKJSONTests/Info.plist;
				LD_RUNPATH_SEARCH_PATHS = (
					"$(inherited)",
					"@executable_path/../Frameworks",
					"@loader_path/../Frameworks",
				);
				PRODUCT_BUNDLE_IDENTIFIER = com.Ashwin.WKJSONTests;
				PRODUCT_NAME = "$(TARGET_NAME)";
				SWIFT_VERSION = 5.0;
			};
			name = Debug;
		};
		CFE8D65224CB3187004A5254 /* Release */ = {
			isa = XCBuildConfiguration;
			buildSettings = {
				ALWAYS_EMBED_SWIFT_STANDARD_LIBRARIES = YES;
				CODE_SIGN_STYLE = Automatic;
				COMBINE_HIDPI_IMAGES = YES;
				DEVELOPMENT_TEAM = CKUP7H8DC7;
				INFOPLIST_FILE = WKJSONTests/Info.plist;
				LD_RUNPATH_SEARCH_PATHS = (
					"$(inherited)",
					"@executable_path/../Frameworks",
					"@loader_path/../Frameworks",
				);
				PRODUCT_BUNDLE_IDENTIFIER = com.Ashwin.WKJSONTests;
				PRODUCT_NAME = "$(TARGET_NAME)";
				SWIFT_VERSION = 5.0;
			};
			name = Release;
		};
/* End XCBuildConfiguration section */

/* Begin XCConfigurationList section */
		CFE8D63324CB3187004A5254 /* Build configuration list for PBXProject "WKJSON" */ = {
			isa = XCConfigurationList;
			buildConfigurations = (
				CFE8D64B24CB3187004A5254 /* Debug */,
				CFE8D64C24CB3187004A5254 /* Release */,
			);
			defaultConfigurationIsVisible = 0;
			defaultConfigurationName = Release;
		};
		CFE8D64D24CB3187004A5254 /* Build configuration list for PBXNativeTarget "WKJSON" */ = {
			isa = XCConfigurationList;
			buildConfigurations = (
				CFE8D64E24CB3187004A5254 /* Debug */,
				CFE8D64F24CB3187004A5254 /* Release */,
			);
			defaultConfigurationIsVisible = 0;
			defaultConfigurationName = Release;
		};
		CFE8D65024CB3187004A5254 /* Build configuration list for PBXNativeTarget "WKJSONTests" */ = {
			isa = XCConfigurationList;
			buildConfigurations = (
				CFE8D65124CB3187004A5254 /* Debug */,
				CFE8D65224CB3187004A5254 /* Release */,
			);
			defaultConfigurationIsVisible = 0;
			defaultConfigurationName = Release;
		};
/* End XCConfigurationList section */
	};
	rootObject = CFE8D63024CB3187004A5254 /* Project object */;
}
